
Microsoft Visual Studio Solution File, Format Version 12.00
# Visual Studio Version 17
VisualStudioVersion = 17.4.33403.182
MinimumVisualStudioVersion = 10.0.40219.1
Project("{FAE04EC0-301F-11D3-BF4B-00C04F79EFBC}") = "ApiServer", "ApiServer\ApiServer.csproj", "{0D505986-57DD-4591-BE8E-444FC3E4A353}"
EndProject
Project("{FAE04EC0-301F-11D3-BF4B-00C04F79EFBC}") = "ApiClient", "ApiClient\ApiClient.csproj", "{897B92B4-5671-4367-ABCD-BC005F16DD92}"
EndProject
Global
	GlobalSection(SolutionConfigurationPlatforms) = preSolution
		Debug|Any CPU = Debug|Any CPU
		Release|Any CPU = Release|Any CPU
	EndGlobalSection
	GlobalSection(ProjectConfigurationPlatforms) = postSolution
		{0D505986-57DD-4591-BE8E-444FC3E4A353}.Debug|Any CPU.ActiveCfg = Debug|Any CPU
		{0D505986-57DD-4591-BE8E-444FC3E4A353}.Debug|Any CPU.Build.0 = Debug|Any CPU
		{0D505986-57DD-4591-BE8E-444FC3E4A353}.Release|Any CPU.ActiveCfg = Release|Any CPU
		{0D505986-57DD-4591-BE8E-444FC3E4A353}.Release|Any CPU.Build.0 = Release|Any CPU
		{897B92B4-5671-4367-ABCD-BC005F16DD92}.Debug|Any CPU.ActiveCfg = Debug|Any CPU
		{897B92B4-5671-4367-ABCD-BC005F16DD92}.Debug|Any CPU.Build.0 = Debug|Any CPU
		{897B92B4-5671-4367-ABCD-BC005F16DD92}.Release|Any CPU.ActiveCfg = Release|Any CPU
		{897B92B4-5671-4367-ABCD-BC005F16DD92}.Release|Any CPU.Build.0 = Release|Any CPU
	EndGlobalSection
	GlobalSection(SolutionProperties) = preSolution
		HideSolutionNode = FALSE
	EndGlobalSection
	GlobalSection(ExtensibilityGlobals) = postSolution
		SolutionGuid = {01B6C9C3-53CA-43C5-A316-7A4A2E2401D8}
	EndGlobalSection
EndGlobal
